# THIS IS AN AUTOGENERATED FILE. DO NOT EDIT THIS FILE DIRECTLY.
# yarn lockfile v1


glightbox@^3.1.0:
  version "3.1.0"
  resolved "https://registry.yarnpkg.com/glightbox/-/glightbox-3.1.0.tgz#cd78d72978271e19711163367d7730036ef6d6dd"
  integrity sha512-QVWU40Eao1+1yH7pb/knwbte0qSXxn2Rfrs7H30G/2+9fXW52woCTBA4kKLtoEHPZxXI+JECj+GBqtRGzfBILQ==
